
Microsoft Visual Studio Solution File, Format Version 12.00
# Visual Studio Version 17
VisualStudioVersion = 17.8.34511.84
MinimumVisualStudioVersion = 10.0.40219.1
Project("{9A19103F-16F7-4668-BE54-9A1E7A4F7556}") = "LinqTest", "LinqTest\LinqTest.csproj", "{68584875-3F1F-4B54-A1BB-4D575EFF171B}"
EndProject
Global
	GlobalSection(SolutionConfigurationPlatforms) = preSolution
		Debug|Any CPU = Debug|Any CPU
		Release|Any CPU = Release|Any CPU
	EndGlobalSection
	GlobalSection(ProjectConfigurationPlatforms) = postSolution
		{68584875-3F1F-4B54-A1BB-4D575EFF171B}.Debug|Any CPU.ActiveCfg = Debug|Any CPU
		{68584875-3F1F-4B54-A1BB-4D575EFF171B}.Debug|Any CPU.Build.0 = Debug|Any CPU
		{68584875-3F1F-4B54-A1BB-4D575EFF171B}.Release|Any CPU.ActiveCfg = Release|Any CPU
		{68584875-3F1F-4B54-A1BB-4D575EFF171B}.Release|Any CPU.Build.0 = Release|Any CPU
	EndGlobalSection
	GlobalSection(SolutionProperties) = preSolution
		HideSolutionNode = FALSE
	EndGlobalSection
	GlobalSection(ExtensibilityGlobals) = postSolution
		SolutionGuid = {38C809F0-814E-486B-A381-BB2D5407D260}
	EndGlobalSection
EndGlobal
